
Microsoft Visual Studio Solution File, Format Version 12.00
# Visual Studio Version 16
VisualStudioVersion = 16.0.29503.13
MinimumVisualStudioVersion = 10.0.40219.1
Project("{FAE04EC0-301F-11D3-BF4B-00C04F79EFBC}") = "NeuralNetworkExperiment", "NeuralNetworkExperiment\NeuralNetworkExperiment.csproj", "{668A0DEE-82B0-4614-939E-6E11AAC92A4E}"
EndProject
Project("{9A19103F-16F7-4668-BE54-9A1E7A4F7556}") = "NeuralNetwork.NET", "NeuralNetwork.NET\NeuralNetwork.NET.csproj", "{4D897CFE-4043-47C8-B6C6-C58FB9884D41}"
EndProject
Global
	GlobalSection(SolutionConfigurationPlatforms) = preSolution
		Debug|Any CPU = Debug|Any CPU
		Release|Any CPU = Release|Any CPU
	EndGlobalSection
	GlobalSection(ProjectConfigurationPlatforms) = postSolution
		{668A0DEE-82B0-4614-939E-6E11AAC92A4E}.Debug|Any CPU.ActiveCfg = Debug|Any CPU
		{668A0DEE-82B0-4614-939E-6E11AAC92A4E}.Debug|Any CPU.Build.0 = Debug|Any CPU
		{668A0DEE-82B0-4614-939E-6E11AAC92A4E}.Release|Any CPU.ActiveCfg = Release|Any CPU
		{668A0DEE-82B0-4614-939E-6E11AAC92A4E}.Release|Any CPU.Build.0 = Release|Any CPU
		{4D897CFE-4043-47C8-B6C6-C58FB9884D41}.Debug|Any CPU.ActiveCfg = Debug|Any CPU
		{4D897CFE-4043-47C8-B6C6-C58FB9884D41}.Debug|Any CPU.Build.0 = Debug|Any CPU
		{4D897CFE-4043-47C8-B6C6-C58FB9884D41}.Release|Any CPU.ActiveCfg = Release|Any CPU
		{4D897CFE-4043-47C8-B6C6-C58FB9884D41}.Release|Any CPU.Build.0 = Release|Any CPU
	EndGlobalSection
	GlobalSection(SolutionProperties) = preSolution
		HideSolutionNode = FALSE
	EndGlobalSection
	GlobalSection(ExtensibilityGlobals) = postSolution
		SolutionGuid = {1059C622-DE0A-4D25-95B2-61ADDE1C5D8E}
	EndGlobalSection
EndGlobal
